// !$*UTF8*$!
{
	archiveVersion = 1;
	classes = {
	};
	objectVersion = 48;
	objects = {

/* Begin PBXBuildFile section */
		9C1211DB2079418100307564 /* AppDelegate.swift in Sources */ = {isa = PBXBuildFile; fileRef = 9C1211DA2079418100307564 /* AppDelegate.swift */; };
		9C1211DD2079418100307564 /* ViewController.swift in Sources */ = {isa = PBXBuildFile; fileRef = 9C1211DC2079418100307564 /* ViewController.swift */; };
		9C1211E02079418100307564 /* Main.storyboard in Resources */ = {isa = PBXBuildFile; fileRef = 9C1211DE2079418100307564 /* Main.storyboard */; };
		9C1211E22079418100307564 /* Assets.xcassets in Resources */ = {isa = PBXBuildFile; fileRef = 9C1211E12079418100307564 /* Assets.xcassets */; };
		9C1211E52079418100307564 /* LaunchScreen.storyboard in Resources */ = {isa = PBXBuildFile; fileRef = 9C1211E32079418100307564 /* LaunchScreen.storyboard */; };
		9C1211F02079418100307564 /* ExporteraTests.swift in Sources */ = {isa = PBXBuildFile; fileRef = 9C1211EF2079418100307564 /* ExporteraTests.swift */; };
		9C1211FB2079418100307564 /* ExporteraUITests.swift in Sources */ = {isa = PBXBuildFile; fileRef = 9C1211FA2079418100307564 /* ExporteraUITests.swift */; };
/* End PBXBuildFile section */

/* Begin PBXContainerItemProxy section */
		9C1211EC2079418100307564 /* PBXContainerItemProxy */ = {
			isa = PBXContainerItemProxy;
			containerPortal = 9C1211CF2079418100307564 /* Project object */;
			proxyType = 1;
			remoteGlobalIDString = 9C1211D62079418100307564;
			remoteInfo = Exportera;
		};
		9C1211F72079418100307564 /* PBXContainerItemProxy */ = {
			isa = PBXContainerItemProxy;
			containerPortal = 9C1211CF2079418100307564 /* Project object */;
			proxyType = 1;
			remoteGlobalIDString = 9C1211D62079418100307564;
			remoteInfo = Exportera;
		};
/* End PBXContainerItemProxy section */

/* Begin PBXFileReference section */
		9C1211D72079418100307564 /* Exportera.app */ = {isa = PBXFileReference; explicitFileType = wrapper.application; includeInIndex = 0; path = Exportera.app; sourceTree = BUILT_PRODUCTS_DIR; };
		9C1211DA2079418100307564 /* AppDelegate.swift */ = {isa = PBXFileReference; lastKnownFileType = sourcecode.swift; path = AppDelegate.swift; sourceTree = "<group>"; };
		9C1211DC2079418100307564 /* ViewController.swift */ = {isa = PBXFileReference; lastKnownFileType = sourcecode.swift; path = ViewController.swift; sourceTree = "<group>"; };
		9C1211DF2079418100307564 /* Base */ = {isa = PBXFileReference; lastKnownFileType = file.storyboard; name = Base; path = Base.lproj/Main.storyboard; sourceTree = "<group>"; };
		9C1211E12079418100307564 /* Assets.xcassets */ = {isa = PBXFileReference; lastKnownFileType = folder.assetcatalog; path = Assets.xcassets; sourceTree = "<group>"; };
		9C1211E42079418100307564 /* Base */ = {isa = PBXFileReference; lastKnownFileType = file.storyboard; name = Base; path = Base.lproj/LaunchScreen.storyboard; sourceTree = "<group>"; };
		9C1211E62079418100307564 /* Info.plist */ = {isa = PBXFileReference; lastKnownFileType = text.plist.xml; path = Info.plist; sourceTree = "<group>"; };
		9C1211EB2079418100307564 /* ExporteraTests.xctest */ = {isa = PBXFileReference; explicitFileType = wrapper.cfbundle; includeInIndex = 0; path = ExporteraTests.xctest; sourceTree = BUILT_PRODUCTS_DIR; };
		9C1211EF2079418100307564 /* ExporteraTests.swift */ = {isa = PBXFileReference; lastKnownFileType = sourcecode.swift; path = ExporteraTests.swift; sourceTree = "<group>"; };
		9C1211F12079418100307564 /* Info.plist */ = {isa = PBXFileReference; lastKnownFileType = text.plist.xml; path = Info.plist; sourceTree = "<group>"; };
		9C1211F62079418100307564 /* ExporteraUITests.xctest */ = {isa = PBXFileReference; explicitFileType = wrapper.cfbundle; includeInIndex = 0; path = ExporteraUITests.xctest; sourceTree = BUILT_PRODUCTS_DIR; };
		9C1211FA2079418100307564 /* ExporteraUITests.swift */ = {isa = PBXFileReference; lastKnownFileType = sourcecode.swift; path = ExporteraUITests.swift; sourceTree = "<group>"; };
		9C1211FC2079418100307564 /* Info.plist */ = {isa = PBXFileReference; lastKnownFileType = text.plist.xml; path = Info.plist; sourceTree = "<group>"; };
/* End PBXFileReference section */

/* Begin PBXFrameworksBuildPhase section */
		9C1211D42079418100307564 /* Frameworks */ = {
			isa = PBXFrameworksBuildPhase;
			buildActionMask = 2147483647;
			files = (
			);
			runOnlyForDeploymentPostprocessing = 0;
		};
		9C1211E82079418100307564 /* Frameworks */ = {
			isa = PBXFrameworksBuildPhase;
			buildActionMask = 2147483647;
			files = (
			);
			runOnlyForDeploymentPostprocessing = 0;
		};
		9C1211F32079418100307564 /* Frameworks */ = {
			isa = PBXFrameworksBuildPhase;
			buildActionMask = 2147483647;
			files = (
			);
			runOnlyForDeploymentPostprocessing = 0;
		};
/* End PBXFrameworksBuildPhase section */

/* Begin PBXGroup section */
		9C1211CE2079418100307564 = {
			isa = PBXGroup;
			children = (
				9C1211D92079418100307564 /* Exportera */,
				9C1211EE2079418100307564 /* ExporteraTests */,
				9C1211F92079418100307564 /* ExporteraUITests */,
				9C1211D82079418100307564 /* Products */,
			);
			sourceTree = "<group>";
		};
		9C1211D82079418100307564 /* Products */ = {
			isa = PBXGroup;
			children = (
				9C1211D72079418100307564 /* Exportera.app */,
				9C1211EB2079418100307564 /* ExporteraTests.xctest */,
				9C1211F62079418100307564 /* ExporteraUITests.xctest */,
			);
			name = Products;
			sourceTree = "<group>";
		};
		9C1211D92079418100307564 /* Exportera */ = {
			isa = PBXGroup;
			children = (
				9C1211DA2079418100307564 /* AppDelegate.swift */,
				9C1211DC2079418100307564 /* ViewController.swift */,
				9C1211DE2079418100307564 /* Main.storyboard */,
				9C1211E12079418100307564 /* Assets.xcassets */,
				9C1211E32079418100307564 /* LaunchScreen.storyboard */,
				9C1211E62079418100307564 /* Info.plist */,
			);
			path = Exportera;
			sourceTree = "<group>";
		};
		9C1211EE2079418100307564 /* ExporteraTests */ = {
			isa = PBXGroup;
			children = (
				9C1211EF2079418100307564 /* ExporteraTests.swift */,
				9C1211F12079418100307564 /* Info.plist */,
			);
			path = ExporteraTests;
			sourceTree = "<group>";
		};
		9C1211F92079418100307564 /* ExporteraUITests */ = {
			isa = PBXGroup;
			children = (
				9C1211FA2079418100307564 /* ExporteraUITests.swift */,
				9C1211FC2079418100307564 /* Info.plist */,
			);
			path = ExporteraUITests;
			sourceTree = "<group>";
		};
/* End PBXGroup section */

/* Begin PBXNativeTarget section */
		9C1211D62079418100307564 /* Exportera */ = {
			isa = PBXNativeTarget;
			buildConfigurationList = 9C1211FF2079418100307564 /* Build configuration list for PBXNativeTarget "Exportera" */;
			buildPhases = (
				9C1211D32079418100307564 /* Sources */,
				9C1211D42079418100307564 /* Frameworks */,
				9C1211D52079418100307564 /* Resources */,
			);
			buildRules = (
			);
			dependencies = (
			);
			name = Exportera;
			productName = Exportera;
			productReference = 9C1211D72079418100307564 /* Exportera.app */;
			productType = "com.apple.product-type.application";
		};
		9C1211EA2079418100307564 /* ExporteraTests */ = {
			isa = PBXNativeTarget;
			buildConfigurationList = 9C1212022079418100307564 /* Build configuration list for PBXNativeTarget "ExporteraTests" */;
			buildPhases = (
				9C1211E72079418100307564 /* Sources */,
				9C1211E82079418100307564 /* Frameworks */,
				9C1211E92079418100307564 /* Resources */,
			);
			buildRules = (
			);
			dependencies = (
				9C1211ED2079418100307564 /* PBXTargetDependency */,
			);
			name = ExporteraTests;
			productName = ExporteraTests;
			productReference = 9C1211EB2079418100307564 /* ExporteraTests.xctest */;
			productType = "com.apple.product-type.bundle.unit-test";
		};
		9C1211F52079418100307564 /* ExporteraUITests */ = {
			isa = PBXNativeTarget;
			buildConfigurationList = 9C1212052079418100307564 /* Build configuration list for PBXNativeTarget "ExporteraUITests" */;
			buildPhases = (
				9C1211F22079418100307564 /* Sources */,
				9C1211F32079418100307564 /* Frameworks */,
				9C1211F42079418100307564 /* Resources */,
			);
			buildRules = (
			);
			dependencies = (
				9C1211F82079418100307564 /* PBXTargetDependency */,
			);
			name = ExporteraUITests;
			productName = ExporteraUITests;
			productReference = 9C1211F62079418100307564 /* ExporteraUITests.xctest */;
			productType = "com.apple.product-type.bundle.ui-testing";
		};
/* End PBXNativeTarget section */

/* Begin PBXProject section */
		9C1211CF2079418100307564 /* Project object */ = {
			isa = PBXProject;
			attributes = {
				LastSwiftUpdateCheck = 0920;
				LastUpgradeCheck = 0920;
				ORGANIZATIONNAME = "Marina Lunts";
				TargetAttributes = {
					9C1211D62079418100307564 = {
						CreatedOnToolsVersion = 9.2;
						ProvisioningStyle = Automatic;
					};
					9C1211EA2079418100307564 = {
						CreatedOnToolsVersion = 9.2;
						ProvisioningStyle = Automatic;
						TestTargetID = 9C1211D62079418100307564;
					};
					9C1211F52079418100307564 = {
						CreatedOnToolsVersion = 9.2;
						ProvisioningStyle = Automatic;
						TestTargetID = 9C1211D62079418100307564;
					};
				};
			};
			buildConfigurationList = 9C1211D22079418100307564 /* Build configuration list for PBXProject "Exportera" */;
			compatibilityVersion = "Xcode 8.0";
			developmentRegion = en;
			hasScannedForEncodings = 0;
			knownRegions = (
				en,
				Base,
			);
			mainGroup = 9C1211CE2079418100307564;
			productRefGroup = 9C1211D82079418100307564 /* Products */;
			projectDirPath = "";
			projectRoot = "";
			targets = (
				9C1211D62079418100307564 /* Exportera */,
				9C1211EA2079418100307564 /* ExporteraTests */,
				9C1211F52079418100307564 /* ExporteraUITests */,
			);
		};
/* End PBXProject section */

/* Begin PBXResourcesBuildPhase section */
		9C1211D52079418100307564 /* Resources */ = {
			isa = PBXResourcesBuildPhase;
			buildActionMask = 2147483647;
			files = (
				9C1211E52079418100307564 /* LaunchScreen.storyboard in Resources */,
				9C1211E22079418100307564 /* Assets.xcassets in Resources */,
				9C1211E02079418100307564 /* Main.storyboard in Resources */,
			);
			runOnlyForDeploymentPostprocessing = 0;
		};
		9C1211E92079418100307564 /* Resources */ = {
			isa = PBXResourcesBuildPhase;
			buildActionMask = 2147483647;
			files = (
			);
			runOnlyForDeploymentPostprocessing = 0;
		};
		9C1211F42079418100307564 /* Resources */ = {
			isa = PBXResourcesBuildPhase;
			buildActionMask = 2147483647;
			files = (
			);
			runOnlyForDeploymentPostprocessing = 0;
		};
/* End PBXResourcesBuildPhase section */

/* Begin PBXSourcesBuildPhase section */
		9C1211D32079418100307564 /* Sources */ = {
			isa = PBXSourcesBuildPhase;
			buildActionMask = 2147483647;
			files = (
				9C1211DD2079418100307564 /* ViewController.swift in Sources */,
				9C1211DB2079418100307564 /* AppDelegate.swift in Sources */,
			);
			runOnlyForDeploymentPostprocessing = 0;
		};
		9C1211E72079418100307564 /* Sources */ = {
			isa = PBXSourcesBuildPhase;
			buildActionMask = 2147483647;
			files = (
				9C1211F02079418100307564 /* ExporteraTests.swift in Sources */,
			);
			runOnlyForDeploymentPostprocessing = 0;
		};
		9C1211F22079418100307564 /* Sources */ = {
			isa = PBXSourcesBuildPhase;
			buildActionMask = 2147483647;
			files = (
				9C1211FB2079418100307564 /* ExporteraUITests.swift in Sources */,
			);
			runOnlyForDeploymentPostprocessing = 0;
		};
/* End PBXSourcesBuildPhase section */

/* Begin PBXTargetDependency section */
		9C1211ED2079418100307564 /* PBXTargetDependency */ = {
			isa = PBXTargetDependency;
			target = 9C1211D62079418100307564 /* Exportera */;
			targetProxy = 9C1211EC2079418100307564 /* PBXContainerItemProxy */;
		};
		9C1211F82079418100307564 /* PBXTargetDependency */ = {
			isa = PBXTargetDependency;
			target = 9C1211D62079418100307564 /* Exportera */;
			targetProxy = 9C1211F72079418100307564 /* PBXContainerItemProxy */;
		};
/* End PBXTargetDependency section */

/* Begin PBXVariantGroup section */
		9C1211DE2079418100307564 /* Main.storyboard */ = {
			isa = PBXVariantGroup;
			children = (
				9C1211DF2079418100307564 /* Base */,
			);
			name = Main.storyboard;
			sourceTree = "<group>";
		};
		9C1211E32079418100307564 /* LaunchScreen.storyboard */ = {
			isa = PBXVariantGroup;
			children = (
				9C1211E42079418100307564 /* Base */,
			);
			name = LaunchScreen.storyboard;
			sourceTree = "<group>";
		};
/* End PBXVariantGroup section */

/* Begin XCBuildConfiguration section */
		9C1211FD2079418100307564 /* Debug */ = {
			isa = XCBuildConfiguration;
			buildSettings = {
				ALWAYS_SEARCH_USER_PATHS = NO;
				CLANG_ANALYZER_NONNULL = YES;
				CLANG_ANALYZER_NUMBER_OBJECT_CONVERSION = YES_AGGRESSIVE;
				CLANG_CXX_LANGUAGE_STANDARD = "gnu++14";
				CLANG_CXX_LIBRARY = "libc++";
				CLANG_ENABLE_MODULES = YES;
				CLANG_ENABLE_OBJC_ARC = YES;
				CLANG_WARN_BLOCK_CAPTURE_AUTORELEASING = YES;
				CLANG_WARN_BOOL_CONVERSION = YES;
				CLANG_WARN_COMMA = YES;
				CLANG_WARN_CONSTANT_CONVERSION = YES;
				CLANG_WARN_DIRECT_OBJC_ISA_USAGE = YES_ERROR;
				CLANG_WARN_DOCUMENTATION_COMMENTS = YES;
				CLANG_WARN_EMPTY_BODY = YES;
				CLANG_WARN_ENUM_CONVERSION = YES;
				CLANG_WARN_INFINITE_RECURSION = YES;
				CLANG_WARN_INT_CONVERSION = YES;
				CLANG_WARN_NON_LITERAL_NULL_CONVERSION = YES;
				CLANG_WARN_OBJC_LITERAL_CONVERSION = YES;
				CLANG_WARN_OBJC_ROOT_CLASS = YES_ERROR;
				CLANG_WARN_RANGE_LOOP_ANALYSIS = YES;
				CLANG_WARN_STRICT_PROTOTYPES = YES;
				CLANG_WARN_SUSPICIOUS_MOVE = YES;
				CLANG_WARN_UNGUARDED_AVAILABILITY = YES_AGGRESSIVE;
				CLANG_WARN_UNREACHABLE_CODE = YES;
				CLANG_WARN__DUPLICATE_METHOD_MATCH = YES;
				CODE_SIGN_IDENTITY = "iPhone Developer";
				COPY_PHASE_STRIP = NO;
				DEBUG_INFORMATION_FORMAT = dwarf;
				ENABLE_STRICT_OBJC_MSGSEND = YES;
				ENABLE_TESTABILITY = YES;
				GCC_C_LANGUAGE_STANDARD = gnu11;
				GCC_DYNAMIC_NO_PIC = NO;
				GCC_NO_COMMON_BLOCKS = YES;
				GCC_OPTIMIZATION_LEVEL = 0;
				GCC_PREPROCESSOR_DEFINITIONS = (
					"DEBUG=1",
					"$(inherited)",
				);
				GCC_WARN_64_TO_32_BIT_CONVERSION = YES;
				GCC_WARN_ABOUT_RETURN_TYPE = YES_ERROR;
				GCC_WARN_UNDECLARED_SELECTOR = YES;
				GCC_WARN_UNINITIALIZED_AUTOS = YES_AGGRESSIVE;
				GCC_WARN_UNUSED_FUNCTION = YES;
				GCC_WARN_UNUSED_VARIABLE = YES;
				IPHONEOS_DEPLOYMENT_TARGET = 11.2;
				MTL_ENABLE_DEBUG_INFO = YES;
				ONLY_ACTIVE_ARCH = YES;
				SDKROOT = iphoneos;
				SWIFT_ACTIVE_COMPILATION_CONDITIONS = DEBUG;
				SWIFT_OPTIMIZATION_LEVEL = "-Onone";
			};
			name = Debug;
		};
		9C1211FE2079418100307564 /* Release */ = {
			isa = XCBuildConfiguration;
			buildSettings = {
				ALWAYS_SEARCH_USER_PATHS = NO;
				CLANG_ANALYZER_NONNULL = YES;
				CLANG_ANALYZER_NUMBER_OBJECT_CONVERSION = YES_AGGRESSIVE;
				CLANG_CXX_LANGUAGE_STANDARD = "gnu++14";
				CLANG_CXX_LIBRARY = "libc++";
				CLANG_ENABLE_MODULES = YES;
				CLANG_ENABLE_OBJC_ARC = YES;
				CLANG_WARN_BLOCK_CAPTURE_AUTORELEASING = YES;
				CLANG_WARN_BOOL_CONVERSION = YES;
				CLANG_WARN_COMMA = YES;
				CLANG_WARN_CONSTANT_CONVERSION = YES;
				CLANG_WARN_DIRECT_OBJC_ISA_USAGE = YES_ERROR;
				CLANG_WARN_DOCUMENTATION_COMMENTS = YES;
				CLANG_WARN_EMPTY_BODY = YES;
				CLANG_WARN_ENUM_CONVERSION = YES;
				CLANG_WARN_INFINITE_RECURSION = YES;
				CLANG_WARN_INT_CONVERSION = YES;
				CLANG_WARN_NON_LITERAL_NULL_CONVERSION = YES;
				CLANG_WARN_OBJC_LITERAL_CONVERSION = YES;
				CLANG_WARN_OBJC_ROOT_CLASS = YES_ERROR;
				CLANG_WARN_RANGE_LOOP_ANALYSIS = YES;
				CLANG_WARN_STRICT_PROTOTYPES = YES;
				CLANG_WARN_SUSPICIOUS_MOVE = YES;
				CLANG_WARN_UNGUARDED_AVAILABILITY = YES_AGGRESSIVE;
				CLANG_WARN_UNREACHABLE_CODE = YES;
				CLANG_WARN__DUPLICATE_METHOD_MATCH = YES;
				CODE_SIGN_IDENTITY = "iPhone Developer";
				COPY_PHASE_STRIP = NO;
				DEBUG_INFORMATION_FORMAT = "dwarf-with-dsym";
				ENABLE_NS_ASSERTIONS = NO;
				ENABLE_STRICT_OBJC_MSGSEND = YES;
				GCC_C_LANGUAGE_STANDARD = gnu11;
				GCC_NO_COMMON_BLOCKS = YES;
				GCC_WARN_64_TO_32_BIT_CONVERSION = YES;
				GCC_WARN_ABOUT_RETURN_TYPE = YES_ERROR;
				GCC_WARN_UNDECLARED_SELECTOR = YES;
				GCC_WARN_UNINITIALIZED_AUTOS = YES_AGGRESSIVE;
				GCC_WARN_UNUSED_FUNCTION = YES;
				GCC_WARN_UNUSED_VARIABLE = YES;
				IPHONEOS_DEPLOYMENT_TARGET = 11.2;
				MTL_ENABLE_DEBUG_INFO = NO;
				SDKROOT = iphoneos;
				SWIFT_OPTIMIZATION_LEVEL = "-Owholemodule";
				VALIDATE_PRODUCT = YES;
			};
			name = Release;
		};
		9C1212002079418100307564 /* Debug */ = {
			isa = XCBuildConfiguration;
			buildSettings = {
				ASSETCATALOG_COMPILER_APPICON_NAME = AppIcon;
				CODE_SIGN_STYLE = Automatic;
				DEVELOPMENT_TEAM = 7BV7G443SR;
				INFOPLIST_FILE = Exportera/Info.plist;
				LD_RUNPATH_SEARCH_PATHS = "$(inherited) @executable_path/Frameworks";
				PRODUCT_BUNDLE_IDENTIFIER = com.earine.Exportera;
				PRODUCT_NAME = "$(TARGET_NAME)";
				SWIFT_VERSION = 4.0;
				TARGETED_DEVICE_FAMILY = "1,2";
			};
			name = Debug;
		};
		9C1212012079418100307564 /* Release */ = {
			isa = XCBuildConfiguration;
			buildSettings = {
				ASSETCATALOG_COMPILER_APPICON_NAME = AppIcon;
				CODE_SIGN_STYLE = Automatic;
				DEVELOPMENT_TEAM = 7BV7G443SR;
				INFOPLIST_FILE = Exportera/Info.plist;
				LD_RUNPATH_SEARCH_PATHS = "$(inherited) @executable_path/Frameworks";
				PRODUCT_BUNDLE_IDENTIFIER = com.earine.Exportera;
				PRODUCT_NAME = "$(TARGET_NAME)";
				SWIFT_VERSION = 4.0;
				TARGETED_DEVICE_FAMILY = "1,2";
			};
			name = Release;
		};
		9C1212032079418100307564 /* Debug */ = {
			isa = XCBuildConfiguration;
			buildSettings = {
				ALWAYS_EMBED_SWIFT_STANDARD_LIBRARIES = YES;
				BUNDLE_LOADER = "$(TEST_HOST)";
				CODE_SIGN_STYLE = Automatic;
				DEVELOPMENT_TEAM = 7BV7G443SR;
				INFOPLIST_FILE = ExporteraTests/Info.plist;
				LD_RUNPATH_SEARCH_PATHS = "$(inherited) @executable_path/Frameworks @loader_path/Frameworks";
				PRODUCT_BUNDLE_IDENTIFIER = com.earine.ExporteraTests;
				PRODUCT_NAME = "$(TARGET_NAME)";
				SWIFT_VERSION = 4.0;
				TARGETED_DEVICE_FAMILY = "1,2";
				TEST_HOST = "$(BUILT_PRODUCTS_DIR)/Exportera.app/Exportera";
			};
			name = Debug;
		};
		9C1212042079418100307564 /* Release */ = {
			isa = XCBuildConfiguration;
			buildSettings = {
				ALWAYS_EMBED_SWIFT_STANDARD_LIBRARIES = YES;
				BUNDLE_LOADER = "$(TEST_HOST)";
				CODE_SIGN_STYLE = Automatic;
				DEVELOPMENT_TEAM = 7BV7G443SR;
				INFOPLIST_FILE = ExporteraTests/Info.plist;
				LD_RUNPATH_SEARCH_PATHS = "$(inherited) @executable_path/Frameworks @loader_path/Frameworks";
				PRODUCT_BUNDLE_IDENTIFIER = com.earine.ExporteraTests;
				PRODUCT_NAME = "$(TARGET_NAME)";
				SWIFT_VERSION = 4.0;
				TARGETED_DEVICE_FAMILY = "1,2";
				TEST_HOST = "$(BUILT_PRODUCTS_DIR)/Exportera.app/Exportera";
			};
			name = Release;
		};
		9C1212062079418100307564 /* Debug */ = {
			isa = XCBuildConfiguration;
			buildSettings = {
				ALWAYS_EMBED_SWIFT_STANDARD_LIBRARIES = YES;
				CODE_SIGN_STYLE = Automatic;
				DEVELOPMENT_TEAM = 7BV7G443SR;
				INFOPLIST_FILE = ExporteraUITests/Info.plist;
				LD_RUNPATH_SEARCH_PATHS = "$(inherited) @executable_path/Frameworks @loader_path/Frameworks";
				PRODUCT_BUNDLE_IDENTIFIER = com.earine.ExporteraUITests;
				PRODUCT_NAME = "$(TARGET_NAME)";
				SWIFT_VERSION = 4.0;
				TARGETED_DEVICE_FAMILY = "1,2";
				TEST_TARGET_NAME = Exportera;
			};
			name = Debug;
		};
		9C1212072079418100307564 /* Release */ = {
			isa = XCBuildConfiguration;
			buildSettings = {
				ALWAYS_EMBED_SWIFT_STANDARD_LIBRARIES = YES;
				CODE_SIGN_STYLE = Automatic;
				DEVELOPMENT_TEAM = 7BV7G443SR;
				INFOPLIST_FILE = ExporteraUITests/Info.plist;
				LD_RUNPATH_SEARCH_PATHS = "$(inherited) @executable_path/Frameworks @loader_path/Frameworks";
				PRODUCT_BUNDLE_IDENTIFIER = com.earine.ExporteraUITests;
				PRODUCT_NAME = "$(TARGET_NAME)";
				SWIFT_VERSION = 4.0;
				TARGETED_DEVICE_FAMILY = "1,2";
				TEST_TARGET_NAME = Exportera;
			};
			name = Release;
		};
/* End XCBuildConfiguration section */

/* Begin XCConfigurationList section */
		9C1211D22079418100307564 /* Build configuration list for PBXProject "Exportera" */ = {
			isa = XCConfigurationList;
			buildConfigurations = (
				9C1211FD2079418100307564 /* Debug */,
				9C1211FE2079418100307564 /* Release */,
			);
			defaultConfigurationIsVisible = 0;
			defaultConfigurationName = Release;
		};
		9C1211FF2079418100307564 /* Build configuration list for PBXNativeTarget "Exportera" */ = {
			isa = XCConfigurationList;
			buildConfigurations = (
				9C1212002079418100307564 /* Debug */,
				9C1212012079418100307564 /* Release */,
			);
			defaultConfigurationIsVisible = 0;
			defaultConfigurationName = Release;
		};
		9C1212022079418100307564 /* Build configuration list for PBXNativeTarget "ExporteraTests" */ = {
			isa = XCConfigurationList;
			buildConfigurations = (
				9C1212032079418100307564 /* Debug */,
				9C1212042079418100307564 /* Release */,
			);
			defaultConfigurationIsVisible = 0;
			defaultConfigurationName = Release;
		};
		9C1212052079418100307564 /* Build configuration list for PBXNativeTarget "ExporteraUITests" */ = {
			isa = XCConfigurationList;
			buildConfigurations = (
				9C1212062079418100307564 /* Debug */,
				9C1212072079418100307564 /* Release */,
			);
			defaultConfigurationIsVisible = 0;
			defaultConfigurationName = Release;
		};
/* End XCConfigurationList section */
	};
	rootObject = 9C1211CF2079418100307564 /* Project object */;
}
